# This file is automatically @generated by Cargo.
# It is not intended for manual editing.
version = 4

[[package]]
name = "heatshrink-cli"
version = "0.4.1"
dependencies = [
 "heatshrink-core",
]

[[package]]
name = "heatshrink-core"
version = "0.4.1"

[[package]]
name = "heatshrink-ffi"
version = "0.4.1"
dependencies = [
 "heatshrink-core",
]
